
Microsoft Visual Studio Solution File, Format Version 12.00
# Visual Studio Version 16
VisualStudioVersion = 16.0.28803.156
MinimumVisualStudioVersion = 10.0.40219.1
Project("{FAE04EC0-301F-11D3-BF4B-00C04F79EFBC}") = "Fpl", "Fpl\Fpl.csproj", "{AE9A1579-9448-4D80-8535-C067B093012C}"
EndProject
Global
	GlobalSection(SolutionConfigurationPlatforms) = preSolution
		Debug|Any CPU = Debug|Any CPU
		Release|Any CPU = Release|Any CPU
	EndGlobalSection
	GlobalSection(ProjectConfigurationPlatforms) = postSolution
		{AE9A1579-9448-4D80-8535-C067B093012C}.Debug|Any CPU.ActiveCfg = Debug|Any CPU
		{AE9A1579-9448-4D80-8535-C067B093012C}.Debug|Any CPU.Build.0 = Debug|Any CPU
		{AE9A1579-9448-4D80-8535-C067B093012C}.Release|Any CPU.ActiveCfg = Release|Any CPU
		{AE9A1579-9448-4D80-8535-C067B093012C}.Release|Any CPU.Build.0 = Release|Any CPU
	EndGlobalSection
	GlobalSection(SolutionProperties) = preSolution
		HideSolutionNode = FALSE
	EndGlobalSection
	GlobalSection(ExtensibilityGlobals) = postSolution
		SolutionGuid = {009FB7C4-99DF-497B-9373-22CDAA62083F}
	EndGlobalSection
EndGlobal
